
Microsoft Visual Studio Solution File, Format Version 12.00
# Visual Studio Version 16
VisualStudioVersion = 16.0.30309.148
MinimumVisualStudioVersion = 10.0.40219.1
Project("{F184B08F-C81C-45F6-A57F-5ABD9991F28F}") = "Personal Number", "Personal Number\Personal Number.vbproj", "{0485D849-5431-4DD5-B831-7D4C62444552}"
EndProject
Global
	GlobalSection(SolutionConfigurationPlatforms) = preSolution
		Debug|Any CPU = Debug|Any CPU
		Release|Any CPU = Release|Any CPU
	EndGlobalSection
	GlobalSection(ProjectConfigurationPlatforms) = postSolution
		{0485D849-5431-4DD5-B831-7D4C62444552}.Debug|Any CPU.ActiveCfg = Debug|Any CPU
		{0485D849-5431-4DD5-B831-7D4C62444552}.Debug|Any CPU.Build.0 = Debug|Any CPU
		{0485D849-5431-4DD5-B831-7D4C62444552}.Release|Any CPU.ActiveCfg = Release|Any CPU
		{0485D849-5431-4DD5-B831-7D4C62444552}.Release|Any CPU.Build.0 = Release|Any CPU
	EndGlobalSection
	GlobalSection(SolutionProperties) = preSolution
		HideSolutionNode = FALSE
	EndGlobalSection
	GlobalSection(ExtensibilityGlobals) = postSolution
		SolutionGuid = {23C78AFE-2B9A-4B40-BD1F-581B44DFA500}
	EndGlobalSection
EndGlobal
